
Microsoft Visual Studio Solution File, Format Version 12.00
# Visual Studio Version 16
VisualStudioVersion = 16.0.30320.27
MinimumVisualStudioVersion = 10.0.40219.1
Project("{FAE04EC0-301F-11D3-BF4B-00C04F79EFBC}") = "EmpWage", "EmpWage.csproj", "{78F3BF22-B9A4-49FC-BB3C-30953E4F9241}"
EndProject
Global
	GlobalSection(SolutionConfigurationPlatforms) = preSolution
		Debug|Any CPU = Debug|Any CPU
		Release|Any CPU = Release|Any CPU
	EndGlobalSection
	GlobalSection(ProjectConfigurationPlatforms) = postSolution
		{78F3BF22-B9A4-49FC-BB3C-30953E4F9241}.Debug|Any CPU.ActiveCfg = Debug|Any CPU
		{78F3BF22-B9A4-49FC-BB3C-30953E4F9241}.Debug|Any CPU.Build.0 = Debug|Any CPU
		{78F3BF22-B9A4-49FC-BB3C-30953E4F9241}.Release|Any CPU.ActiveCfg = Release|Any CPU
		{78F3BF22-B9A4-49FC-BB3C-30953E4F9241}.Release|Any CPU.Build.0 = Release|Any CPU
	EndGlobalSection
	GlobalSection(SolutionProperties) = preSolution
		HideSolutionNode = FALSE
	EndGlobalSection
	GlobalSection(ExtensibilityGlobals) = postSolution
		SolutionGuid = {92A1B03C-28B5-4598-ACDE-170F4EE05BA8}
	EndGlobalSection
EndGlobal
